
Microsoft Visual Studio Solution File, Format Version 12.00
# Visual Studio Version 17
VisualStudioVersion = 17.7.34202.233
MinimumVisualStudioVersion = 10.0.40219.1
Project("{FAE04EC0-301F-11D3-BF4B-00C04F79EFBC}") = "VideojuegosWebAPI", "Videojuegos\VideojuegosWebAPI.csproj", "{B5F7C732-B14A-4EC8-9FC7-801D0148BA21}"
EndProject
Global
	GlobalSection(SolutionConfigurationPlatforms) = preSolution
		Debug|Any CPU = Debug|Any CPU
		Release|Any CPU = Release|Any CPU
	EndGlobalSection
	GlobalSection(ProjectConfigurationPlatforms) = postSolution
		{B5F7C732-B14A-4EC8-9FC7-801D0148BA21}.Debug|Any CPU.ActiveCfg = Debug|Any CPU
		{B5F7C732-B14A-4EC8-9FC7-801D0148BA21}.Debug|Any CPU.Build.0 = Debug|Any CPU
		{B5F7C732-B14A-4EC8-9FC7-801D0148BA21}.Release|Any CPU.ActiveCfg = Release|Any CPU
		{B5F7C732-B14A-4EC8-9FC7-801D0148BA21}.Release|Any CPU.Build.0 = Release|Any CPU
	EndGlobalSection
	GlobalSection(SolutionProperties) = preSolution
		HideSolutionNode = FALSE
	EndGlobalSection
	GlobalSection(ExtensibilityGlobals) = postSolution
		SolutionGuid = {9E95626C-CBF9-42F2-BBC5-9EC4CBD100CF}
	EndGlobalSection
EndGlobal
